
Microsoft Visual Studio Solution File, Format Version 12.00
# Visual Studio Version 17
VisualStudioVersion = 17.0.32126.317
MinimumVisualStudioVersion = 10.0.40219.1
Project("{FAE04EC0-301F-11D3-BF4B-00C04F79EFBC}") = "FRIMindBoxTask1", "FRIMindBoxTask1.csproj", "{BBF65B28-CCC2-4AAA-8D92-06CDC1559E69}"
EndProject
Project("{FAE04EC0-301F-11D3-BF4B-00C04F79EFBC}") = "FRIMindBoxTask1UnitTests", "..\FRIMindBoxTask1UnitTests\FRIMindBoxTask1UnitTests.csproj", "{0F389EAD-FBC3-4775-8E29-B68DF22389B4}"
EndProject
Global
	GlobalSection(SolutionConfigurationPlatforms) = preSolution
		Debug|Any CPU = Debug|Any CPU
		Release|Any CPU = Release|Any CPU
	EndGlobalSection
	GlobalSection(ProjectConfigurationPlatforms) = postSolution
		{BBF65B28-CCC2-4AAA-8D92-06CDC1559E69}.Debug|Any CPU.ActiveCfg = Debug|Any CPU
		{BBF65B28-CCC2-4AAA-8D92-06CDC1559E69}.Debug|Any CPU.Build.0 = Debug|Any CPU
		{BBF65B28-CCC2-4AAA-8D92-06CDC1559E69}.Release|Any CPU.ActiveCfg = Release|Any CPU
		{BBF65B28-CCC2-4AAA-8D92-06CDC1559E69}.Release|Any CPU.Build.0 = Release|Any CPU
		{0F389EAD-FBC3-4775-8E29-B68DF22389B4}.Debug|Any CPU.ActiveCfg = Debug|Any CPU
		{0F389EAD-FBC3-4775-8E29-B68DF22389B4}.Debug|Any CPU.Build.0 = Debug|Any CPU
		{0F389EAD-FBC3-4775-8E29-B68DF22389B4}.Release|Any CPU.ActiveCfg = Release|Any CPU
		{0F389EAD-FBC3-4775-8E29-B68DF22389B4}.Release|Any CPU.Build.0 = Release|Any CPU
	EndGlobalSection
	GlobalSection(SolutionProperties) = preSolution
		HideSolutionNode = FALSE
	EndGlobalSection
	GlobalSection(ExtensibilityGlobals) = postSolution
		SolutionGuid = {0D70D65E-D1E7-49DB-815A-D4A831743289}
	EndGlobalSection
EndGlobal
